
Microsoft Visual Studio Solution File, Format Version 12.00
# Visual Studio Version 17
VisualStudioVersion = 17.11.35303.130
MinimumVisualStudioVersion = 10.0.40219.1
Project("{FAE04EC0-301F-11D3-BF4B-00C04F79EFBC}") = "IMDB Listesi", "IMDB Listesi\IMDB Listesi.csproj", "{B4A1057E-B270-462C-A9F9-B47985D50721}"
EndProject
Global
	GlobalSection(SolutionConfigurationPlatforms) = preSolution
		Debug|Any CPU = Debug|Any CPU
		Release|Any CPU = Release|Any CPU
	EndGlobalSection
	GlobalSection(ProjectConfigurationPlatforms) = postSolution
		{B4A1057E-B270-462C-A9F9-B47985D50721}.Debug|Any CPU.ActiveCfg = Debug|Any CPU
		{B4A1057E-B270-462C-A9F9-B47985D50721}.Debug|Any CPU.Build.0 = Debug|Any CPU
		{B4A1057E-B270-462C-A9F9-B47985D50721}.Release|Any CPU.ActiveCfg = Release|Any CPU
		{B4A1057E-B270-462C-A9F9-B47985D50721}.Release|Any CPU.Build.0 = Release|Any CPU
	EndGlobalSection
	GlobalSection(SolutionProperties) = preSolution
		HideSolutionNode = FALSE
	EndGlobalSection
	GlobalSection(ExtensibilityGlobals) = postSolution
		SolutionGuid = {FB90BDD4-51CC-4647-9CDA-D4E17342D842}
	EndGlobalSection
EndGlobal
